
Microsoft Visual Studio Solution File, Format Version 12.00
# Visual Studio 2013
VisualStudioVersion = 12.0.31101.0
MinimumVisualStudioVersion = 10.0.40219.1
Project("{8BC9CEB8-8B4A-11D0-8D11-00A0C91BC942}") = "Exc5_1", "Exc5_1\Exc5_1.vcxproj", "{A5B0119C-6933-4910-A618-600B12B2B794}"
EndProject
Project("{8BC9CEB8-8B4A-11D0-8D11-00A0C91BC942}") = "Exc5_2", "Exc5_2\Exc5_2.vcxproj", "{CF430553-0CE2-4BF3-9CED-76ED25AED38D}"
EndProject
Project("{8BC9CEB8-8B4A-11D0-8D11-00A0C91BC942}") = "Exc5_3", "Exc5_3\Exc5_3.vcxproj", "{72BA5568-A12E-4F17-AB9F-412AD05E166B}"
EndProject
Global
	GlobalSection(SolutionConfigurationPlatforms) = preSolution
		Debug|Win32 = Debug|Win32
		Release|Win32 = Release|Win32
	EndGlobalSection
	GlobalSection(ProjectConfigurationPlatforms) = postSolution
		{A5B0119C-6933-4910-A618-600B12B2B794}.Debug|Win32.ActiveCfg = Debug|Win32
		{A5B0119C-6933-4910-A618-600B12B2B794}.Debug|Win32.Build.0 = Debug|Win32
		{A5B0119C-6933-4910-A618-600B12B2B794}.Release|Win32.ActiveCfg = Release|Win32
		{A5B0119C-6933-4910-A618-600B12B2B794}.Release|Win32.Build.0 = Release|Win32
		{CF430553-0CE2-4BF3-9CED-76ED25AED38D}.Debug|Win32.ActiveCfg = Debug|Win32
		{CF430553-0CE2-4BF3-9CED-76ED25AED38D}.Debug|Win32.Build.0 = Debug|Win32
		{CF430553-0CE2-4BF3-9CED-76ED25AED38D}.Release|Win32.ActiveCfg = Release|Win32
		{CF430553-0CE2-4BF3-9CED-76ED25AED38D}.Release|Win32.Build.0 = Release|Win32
		{72BA5568-A12E-4F17-AB9F-412AD05E166B}.Debug|Win32.ActiveCfg = Debug|Win32
		{72BA5568-A12E-4F17-AB9F-412AD05E166B}.Debug|Win32.Build.0 = Debug|Win32
		{72BA5568-A12E-4F17-AB9F-412AD05E166B}.Release|Win32.ActiveCfg = Release|Win32
		{72BA5568-A12E-4F17-AB9F-412AD05E166B}.Release|Win32.Build.0 = Release|Win32
	EndGlobalSection
	GlobalSection(SolutionProperties) = preSolution
		HideSolutionNode = FALSE
	EndGlobalSection
EndGlobal
